// !$*UTF8*$!
{
	archiveVersion = 1;
	classes = {
	};
	objectVersion = 50;
	objects = {

/* Begin PBXBuildFile section */
		561034E922B0850900C24326 /* AppDelegate.swift in Sources */ = {isa = PBXBuildFile; fileRef = 561034E822B0850900C24326 /* AppDelegate.swift */; };
		561034EB22B0850900C24326 /* AllUserVC.swift in Sources */ = {isa = PBXBuildFile; fileRef = 561034EA22B0850900C24326 /* AllUserVC.swift */; };
		561034EE22B0850900C24326 /* Main.storyboard in Resources */ = {isa = PBXBuildFile; fileRef = 561034EC22B0850900C24326 /* Main.storyboard */; };
		561034F022B0850B00C24326 /* Assets.xcassets in Resources */ = {isa = PBXBuildFile; fileRef = 561034EF22B0850B00C24326 /* Assets.xcassets */; };
		561034F322B0850B00C24326 /* LaunchScreen.storyboard in Resources */ = {isa = PBXBuildFile; fileRef = 561034F122B0850B00C24326 /* LaunchScreen.storyboard */; };
		5610352822B0980F00C24326 /* main.framework in Frameworks */ = {isa = PBXBuildFile; fileRef = 5610352722B0980F00C24326 /* main.framework */; };
		5610352922B0980F00C24326 /* main.framework in Embed Frameworks */ = {isa = PBXBuildFile; fileRef = 5610352722B0980F00C24326 /* main.framework */; settings = {ATTRIBUTES = (CodeSignOnCopy, RemoveHeadersOnCopy, ); }; };
		56E76EED22B09F6400089D14 /* UserDetailVC.swift in Sources */ = {isa = PBXBuildFile; fileRef = 56E76EEC22B09F6400089D14 /* UserDetailVC.swift */; };
		56EA10B822B1E9D300D56FE5 /* UserAnnotation.swift in Sources */ = {isa = PBXBuildFile; fileRef = 56EA10B722B1E9D300D56FE5 /* UserAnnotation.swift */; };
/* End PBXBuildFile section */

/* Begin PBXContainerItemProxy section */
		561034FA22B0850B00C24326 /* PBXContainerItemProxy */ = {
			isa = PBXContainerItemProxy;
			containerPortal = 561034DD22B0850900C24326 /* Project object */;
			proxyType = 1;
			remoteGlobalIDString = 561034E422B0850900C24326;
			remoteInfo = LocateMe;
		};
		5610350522B0850C00C24326 /* PBXContainerItemProxy */ = {
			isa = PBXContainerItemProxy;
			containerPortal = 561034DD22B0850900C24326 /* Project object */;
			proxyType = 1;
			remoteGlobalIDString = 561034E422B0850900C24326;
			remoteInfo = LocateMe;
		};
/* End PBXContainerItemProxy section */

/* Begin PBXCopyFilesBuildPhase section */
		5610352522B08F9600C24326 /* Embed Frameworks */ = {
			isa = PBXCopyFilesBuildPhase;
			buildActionMask = 2147483647;
			dstPath = "";
			dstSubfolderSpec = 10;
			files = (
				5610352922B0980F00C24326 /* main.framework in Embed Frameworks */,
			);
			name = "Embed Frameworks";
			runOnlyForDeploymentPostprocessing = 0;
		};
/* End PBXCopyFilesBuildPhase section */

/* Begin PBXFileReference section */
		561034E522B0850900C24326 /* LocateMyUsers.app */ = {isa = PBXFileReference; explicitFileType = wrapper.application; includeInIndex = 0; path = LocateMyUsers.app; sourceTree = BUILT_PRODUCTS_DIR; };
		561034E822B0850900C24326 /* AppDelegate.swift */ = {isa = PBXFileReference; lastKnownFileType = sourcecode.swift; path = AppDelegate.swift; sourceTree = "<group>"; };
		561034EA22B0850900C24326 /* AllUserVC.swift */ = {isa = PBXFileReference; lastKnownFileType = sourcecode.swift; path = AllUserVC.swift; sourceTree = "<group>"; };
		561034ED22B0850900C24326 /* Base */ = {isa = PBXFileReference; lastKnownFileType = file.storyboard; name = Base; path = Base.lproj/Main.storyboard; sourceTree = "<group>"; };
		561034EF22B0850B00C24326 /* Assets.xcassets */ = {isa = PBXFileReference; lastKnownFileType = folder.assetcatalog; path = Assets.xcassets; sourceTree = "<group>"; };
		561034F222B0850B00C24326 /* Base */ = {isa = PBXFileReference; lastKnownFileType = file.storyboard; name = Base; path = Base.lproj/LaunchScreen.storyboard; sourceTree = "<group>"; };
		561034F422B0850B00C24326 /* Info.plist */ = {isa = PBXFileReference; lastKnownFileType = text.plist.xml; path = Info.plist; sourceTree = "<group>"; };
		561034F922B0850B00C24326 /* LocateMyUsersTests.xctest */ = {isa = PBXFileReference; explicitFileType = wrapper.cfbundle; includeInIndex = 0; path = LocateMyUsersTests.xctest; sourceTree = BUILT_PRODUCTS_DIR; };
		5610350422B0850C00C24326 /* LocateMyUsersUITests.xctest */ = {isa = PBXFileReference; explicitFileType = wrapper.cfbundle; includeInIndex = 0; path = LocateMyUsersUITests.xctest; sourceTree = BUILT_PRODUCTS_DIR; };
		5610352722B0980F00C24326 /* main.framework */ = {isa = PBXFileReference; lastKnownFileType = wrapper.framework; path = main.framework; sourceTree = "<group>"; };
		56E76EEC22B09F6400089D14 /* UserDetailVC.swift */ = {isa = PBXFileReference; lastKnownFileType = sourcecode.swift; path = UserDetailVC.swift; sourceTree = "<group>"; };
		56EA10B722B1E9D300D56FE5 /* UserAnnotation.swift */ = {isa = PBXFileReference; lastKnownFileType = sourcecode.swift; path = UserAnnotation.swift; sourceTree = "<group>"; };
/* End PBXFileReference section */

/* Begin PBXFrameworksBuildPhase section */
		561034E222B0850900C24326 /* Frameworks */ = {
			isa = PBXFrameworksBuildPhase;
			buildActionMask = 2147483647;
			files = (
				5610352822B0980F00C24326 /* main.framework in Frameworks */,
			);
			runOnlyForDeploymentPostprocessing = 0;
		};
		561034F622B0850B00C24326 /* Frameworks */ = {
			isa = PBXFrameworksBuildPhase;
			buildActionMask = 2147483647;
			files = (
			);
			runOnlyForDeploymentPostprocessing = 0;
		};
		5610350122B0850C00C24326 /* Frameworks */ = {
			isa = PBXFrameworksBuildPhase;
			buildActionMask = 2147483647;
			files = (
			);
			runOnlyForDeploymentPostprocessing = 0;
		};
/* End PBXFrameworksBuildPhase section */

/* Begin PBXGroup section */
		561034DC22B0850900C24326 = {
			isa = PBXGroup;
			children = (
				5610352722B0980F00C24326 /* main.framework */,
				561034E722B0850900C24326 /* LocateMyUsers */,
				561034E622B0850900C24326 /* Products */,
			);
			sourceTree = "<group>";
		};
		561034E622B0850900C24326 /* Products */ = {
			isa = PBXGroup;
			children = (
				561034E522B0850900C24326 /* LocateMyUsers.app */,
				561034F922B0850B00C24326 /* LocateMyUsersTests.xctest */,
				5610350422B0850C00C24326 /* LocateMyUsersUITests.xctest */,
			);
			name = Products;
			sourceTree = "<group>";
		};
		561034E722B0850900C24326 /* LocateMyUsers */ = {
			isa = PBXGroup;
			children = (
				561034E822B0850900C24326 /* AppDelegate.swift */,
				561034EA22B0850900C24326 /* AllUserVC.swift */,
				56EA10B722B1E9D300D56FE5 /* UserAnnotation.swift */,
				56E76EEC22B09F6400089D14 /* UserDetailVC.swift */,
				561034EC22B0850900C24326 /* Main.storyboard */,
				561034EF22B0850B00C24326 /* Assets.xcassets */,
				561034F122B0850B00C24326 /* LaunchScreen.storyboard */,
				561034F422B0850B00C24326 /* Info.plist */,
			);
			path = LocateMyUsers;
			sourceTree = "<group>";
		};
/* End PBXGroup section */

/* Begin PBXNativeTarget section */
		561034E422B0850900C24326 /* LocateMyUsers */ = {
			isa = PBXNativeTarget;
			buildConfigurationList = 5610350D22B0850C00C24326 /* Build configuration list for PBXNativeTarget "LocateMyUsers" */;
			buildPhases = (
				561034E122B0850900C24326 /* Sources */,
				561034E222B0850900C24326 /* Frameworks */,
				561034E322B0850900C24326 /* Resources */,
				5610352522B08F9600C24326 /* Embed Frameworks */,
			);
			buildRules = (
			);
			dependencies = (
			);
			name = LocateMyUsers;
			productName = LocateMe;
			productReference = 561034E522B0850900C24326 /* LocateMyUsers.app */;
			productType = "com.apple.product-type.application";
		};
		561034F822B0850B00C24326 /* LocateMyUsersTests */ = {
			isa = PBXNativeTarget;
			buildConfigurationList = 5610351022B0850C00C24326 /* Build configuration list for PBXNativeTarget "LocateMyUsersTests" */;
			buildPhases = (
				561034F522B0850B00C24326 /* Sources */,
				561034F622B0850B00C24326 /* Frameworks */,
				561034F722B0850B00C24326 /* Resources */,
			);
			buildRules = (
			);
			dependencies = (
				561034FB22B0850B00C24326 /* PBXTargetDependency */,
			);
			name = LocateMyUsersTests;
			productName = LocateMeTests;
			productReference = 561034F922B0850B00C24326 /* LocateMyUsersTests.xctest */;
			productType = "com.apple.product-type.bundle.unit-test";
		};
		5610350322B0850C00C24326 /* LocateMyUsersUITests */ = {
			isa = PBXNativeTarget;
			buildConfigurationList = 5610351322B0850C00C24326 /* Build configuration list for PBXNativeTarget "LocateMyUsersUITests" */;
			buildPhases = (
				5610350022B0850C00C24326 /* Sources */,
				5610350122B0850C00C24326 /* Frameworks */,
				5610350222B0850C00C24326 /* Resources */,
			);
			buildRules = (
			);
			dependencies = (
				5610350622B0850C00C24326 /* PBXTargetDependency */,
			);
			name = LocateMyUsersUITests;
			productName = LocateMeUITests;
			productReference = 5610350422B0850C00C24326 /* LocateMyUsersUITests.xctest */;
			productType = "com.apple.product-type.bundle.ui-testing";
		};
/* End PBXNativeTarget section */

/* Begin PBXProject section */
		561034DD22B0850900C24326 /* Project object */ = {
			isa = PBXProject;
			attributes = {
				LastSwiftUpdateCheck = 0940;
				LastUpgradeCheck = 0940;
				ORGANIZATIONNAME = "Jatinder Kumar";
				TargetAttributes = {
					561034E422B0850900C24326 = {
						CreatedOnToolsVersion = 9.4;
					};
					561034F822B0850B00C24326 = {
						CreatedOnToolsVersion = 9.4;
						TestTargetID = 561034E422B0850900C24326;
					};
					5610350322B0850C00C24326 = {
						CreatedOnToolsVersion = 9.4;
						TestTargetID = 561034E422B0850900C24326;
					};
				};
			};
			buildConfigurationList = 561034E022B0850900C24326 /* Build configuration list for PBXProject "LocateMyUsers" */;
			compatibilityVersion = "Xcode 9.3";
			developmentRegion = en;
			hasScannedForEncodings = 0;
			knownRegions = (
				en,
				Base,
			);
			mainGroup = 561034DC22B0850900C24326;
			productRefGroup = 561034E622B0850900C24326 /* Products */;
			projectDirPath = "";
			projectRoot = "";
			targets = (
				561034E422B0850900C24326 /* LocateMyUsers */,
				561034F822B0850B00C24326 /* LocateMyUsersTests */,
				5610350322B0850C00C24326 /* LocateMyUsersUITests */,
			);
		};
/* End PBXProject section */

/* Begin PBXResourcesBuildPhase section */
		561034E322B0850900C24326 /* Resources */ = {
			isa = PBXResourcesBuildPhase;
			buildActionMask = 2147483647;
			files = (
				561034F322B0850B00C24326 /* LaunchScreen.storyboard in Resources */,
				561034F022B0850B00C24326 /* Assets.xcassets in Resources */,
				561034EE22B0850900C24326 /* Main.storyboard in Resources */,
			);
			runOnlyForDeploymentPostprocessing = 0;
		};
		561034F722B0850B00C24326 /* Resources */ = {
			isa = PBXResourcesBuildPhase;
			buildActionMask = 2147483647;
			files = (
			);
			runOnlyForDeploymentPostprocessing = 0;
		};
		5610350222B0850C00C24326 /* Resources */ = {
			isa = PBXResourcesBuildPhase;
			buildActionMask = 2147483647;
			files = (
			);
			runOnlyForDeploymentPostprocessing = 0;
		};
/* End PBXResourcesBuildPhase section */

/* Begin PBXSourcesBuildPhase section */
		561034E122B0850900C24326 /* Sources */ = {
			isa = PBXSourcesBuildPhase;
			buildActionMask = 2147483647;
			files = (
				561034EB22B0850900C24326 /* AllUserVC.swift in Sources */,
				56EA10B822B1E9D300D56FE5 /* UserAnnotation.swift in Sources */,
				56E76EED22B09F6400089D14 /* UserDetailVC.swift in Sources */,
				561034E922B0850900C24326 /* AppDelegate.swift in Sources */,
			);
			runOnlyForDeploymentPostprocessing = 0;
		};
		561034F522B0850B00C24326 /* Sources */ = {
			isa = PBXSourcesBuildPhase;
			buildActionMask = 2147483647;
			files = (
			);
			runOnlyForDeploymentPostprocessing = 0;
		};
		5610350022B0850C00C24326 /* Sources */ = {
			isa = PBXSourcesBuildPhase;
			buildActionMask = 2147483647;
			files = (
			);
			runOnlyForDeploymentPostprocessing = 0;
		};
/* End PBXSourcesBuildPhase section */

/* Begin PBXTargetDependency section */
		561034FB22B0850B00C24326 /* PBXTargetDependency */ = {
			isa = PBXTargetDependency;
			target = 561034E422B0850900C24326 /* LocateMyUsers */;
			targetProxy = 561034FA22B0850B00C24326 /* PBXContainerItemProxy */;
		};
		5610350622B0850C00C24326 /* PBXTargetDependency */ = {
			isa = PBXTargetDependency;
			target = 561034E422B0850900C24326 /* LocateMyUsers */;
			targetProxy = 5610350522B0850C00C24326 /* PBXContainerItemProxy */;
		};
/* End PBXTargetDependency section */

/* Begin PBXVariantGroup section */
		561034EC22B0850900C24326 /* Main.storyboard */ = {
			isa = PBXVariantGroup;
			children = (
				561034ED22B0850900C24326 /* Base */,
			);
			name = Main.storyboard;
			sourceTree = "<group>";
		};
		561034F122B0850B00C24326 /* LaunchScreen.storyboard */ = {
			isa = PBXVariantGroup;
			children = (
				561034F222B0850B00C24326 /* Base */,
			);
			name = LaunchScreen.storyboard;
			sourceTree = "<group>";
		};
/* End PBXVariantGroup section */

/* Begin XCBuildConfiguration section */
		5610350B22B0850C00C24326 /* Debug */ = {
			isa = XCBuildConfiguration;
			buildSettings = {
				ALWAYS_SEARCH_USER_PATHS = NO;
				CLANG_ANALYZER_NONNULL = YES;
				CLANG_ANALYZER_NUMBER_OBJECT_CONVERSION = YES_AGGRESSIVE;
				CLANG_CXX_LANGUAGE_STANDARD = "gnu++14";
				CLANG_CXX_LIBRARY = "libc++";
				CLANG_ENABLE_MODULES = YES;
				CLANG_ENABLE_OBJC_ARC = YES;
				CLANG_ENABLE_OBJC_WEAK = YES;
				CLANG_WARN_BLOCK_CAPTURE_AUTORELEASING = YES;
				CLANG_WARN_BOOL_CONVERSION = YES;
				CLANG_WARN_COMMA = YES;
				CLANG_WARN_CONSTANT_CONVERSION = YES;
				CLANG_WARN_DEPRECATED_OBJC_IMPLEMENTATIONS = YES;
				CLANG_WARN_DIRECT_OBJC_ISA_USAGE = YES_ERROR;
				CLANG_WARN_DOCUMENTATION_COMMENTS = YES;
				CLANG_WARN_EMPTY_BODY = YES;
				CLANG_WARN_ENUM_CONVERSION = YES;
				CLANG_WARN_INFINITE_RECURSION = YES;
				CLANG_WARN_INT_CONVERSION = YES;
				CLANG_WARN_NON_LITERAL_NULL_CONVERSION = YES;
				CLANG_WARN_OBJC_IMPLICIT_RETAIN_SELF = YES;
				CLANG_WARN_OBJC_LITERAL_CONVERSION = YES;
				CLANG_WARN_OBJC_ROOT_CLASS = YES_ERROR;
				CLANG_WARN_RANGE_LOOP_ANALYSIS = YES;
				CLANG_WARN_STRICT_PROTOTYPES = YES;
				CLANG_WARN_SUSPICIOUS_MOVE = YES;
				CLANG_WARN_UNGUARDED_AVAILABILITY = YES_AGGRESSIVE;
				CLANG_WARN_UNREACHABLE_CODE = YES;
				CLANG_WARN__DUPLICATE_METHOD_MATCH = YES;
				CODE_SIGN_IDENTITY = "iPhone Developer";
				COPY_PHASE_STRIP = NO;
				DEBUG_INFORMATION_FORMAT = dwarf;
				ENABLE_BITCODE = NO;
				ENABLE_STRICT_OBJC_MSGSEND = YES;
				ENABLE_TESTABILITY = YES;
				GCC_C_LANGUAGE_STANDARD = gnu11;
				GCC_DYNAMIC_NO_PIC = NO;
				GCC_NO_COMMON_BLOCKS = YES;
				GCC_OPTIMIZATION_LEVEL = 0;
				GCC_PREPROCESSOR_DEFINITIONS = (
					"DEBUG=1",
					"$(inherited)",
				);
				GCC_WARN_64_TO_32_BIT_CONVERSION = YES;
				GCC_WARN_ABOUT_RETURN_TYPE = YES_ERROR;
				GCC_WARN_UNDECLARED_SELECTOR = YES;
				GCC_WARN_UNINITIALIZED_AUTOS = YES_AGGRESSIVE;
				GCC_WARN_UNUSED_FUNCTION = YES;
				GCC_WARN_UNUSED_VARIABLE = YES;
				IPHONEOS_DEPLOYMENT_TARGET = 11.4;
				MTL_ENABLE_DEBUG_INFO = YES;
				ONLY_ACTIVE_ARCH = YES;
				SDKROOT = iphoneos;
				SWIFT_ACTIVE_COMPILATION_CONDITIONS = DEBUG;
				SWIFT_OPTIMIZATION_LEVEL = "-Onone";
			};
			name = Debug;
		};
		5610350C22B0850C00C24326 /* Release */ = {
			isa = XCBuildConfiguration;
			buildSettings = {
				ALWAYS_SEARCH_USER_PATHS = NO;
				CLANG_ANALYZER_NONNULL = YES;
				CLANG_ANALYZER_NUMBER_OBJECT_CONVERSION = YES_AGGRESSIVE;
				CLANG_CXX_LANGUAGE_STANDARD = "gnu++14";
				CLANG_CXX_LIBRARY = "libc++";
				CLANG_ENABLE_MODULES = YES;
				CLANG_ENABLE_OBJC_ARC = YES;
				CLANG_ENABLE_OBJC_WEAK = YES;
				CLANG_WARN_BLOCK_CAPTURE_AUTORELEASING = YES;
				CLANG_WARN_BOOL_CONVERSION = YES;
				CLANG_WARN_COMMA = YES;
				CLANG_WARN_CONSTANT_CONVERSION = YES;
				CLANG_WARN_DEPRECATED_OBJC_IMPLEMENTATIONS = YES;
				CLANG_WARN_DIRECT_OBJC_ISA_USAGE = YES_ERROR;
				CLANG_WARN_DOCUMENTATION_COMMENTS = YES;
				CLANG_WARN_EMPTY_BODY = YES;
				CLANG_WARN_ENUM_CONVERSION = YES;
				CLANG_WARN_INFINITE_RECURSION = YES;
				CLANG_WARN_INT_CONVERSION = YES;
				CLANG_WARN_NON_LITERAL_NULL_CONVERSION = YES;
				CLANG_WARN_OBJC_IMPLICIT_RETAIN_SELF = YES;
				CLANG_WARN_OBJC_LITERAL_CONVERSION = YES;
				CLANG_WARN_OBJC_ROOT_CLASS = YES_ERROR;
				CLANG_WARN_RANGE_LOOP_ANALYSIS = YES;
				CLANG_WARN_STRICT_PROTOTYPES = YES;
				CLANG_WARN_SUSPICIOUS_MOVE = YES;
				CLANG_WARN_UNGUARDED_AVAILABILITY = YES_AGGRESSIVE;
				CLANG_WARN_UNREACHABLE_CODE = YES;
				CLANG_WARN__DUPLICATE_METHOD_MATCH = YES;
				CODE_SIGN_IDENTITY = "iPhone Developer";
				COPY_PHASE_STRIP = NO;
				DEBUG_INFORMATION_FORMAT = "dwarf-with-dsym";
				ENABLE_BITCODE = NO;
				ENABLE_NS_ASSERTIONS = NO;
				ENABLE_STRICT_OBJC_MSGSEND = YES;
				GCC_C_LANGUAGE_STANDARD = gnu11;
				GCC_NO_COMMON_BLOCKS = YES;
				GCC_WARN_64_TO_32_BIT_CONVERSION = YES;
				GCC_WARN_ABOUT_RETURN_TYPE = YES_ERROR;
				GCC_WARN_UNDECLARED_SELECTOR = YES;
				GCC_WARN_UNINITIALIZED_AUTOS = YES_AGGRESSIVE;
				GCC_WARN_UNUSED_FUNCTION = YES;
				GCC_WARN_UNUSED_VARIABLE = YES;
				IPHONEOS_DEPLOYMENT_TARGET = 11.4;
				MTL_ENABLE_DEBUG_INFO = NO;
				SDKROOT = iphoneos;
				SWIFT_COMPILATION_MODE = wholemodule;
				SWIFT_OPTIMIZATION_LEVEL = "-O";
				VALIDATE_PRODUCT = YES;
			};
			name = Release;
		};
		5610350E22B0850C00C24326 /* Debug */ = {
			isa = XCBuildConfiguration;
			buildSettings = {
				ASSETCATALOG_COMPILER_APPICON_NAME = AppIcon;
				CODE_SIGN_STYLE = Manual;
				DEVELOPMENT_TEAM = "";
				FRAMEWORK_SEARCH_PATHS = (
					"$(inherited)",
					"$(PROJECT_DIR)",
				);
				INFOPLIST_FILE = LocateMyUsers/Info.plist;
				LD_RUNPATH_SEARCH_PATHS = (
					"$(inherited)",
					"@executable_path/Frameworks",
				);
				PRODUCT_BUNDLE_IDENTIFIER = com.scenedoc.mobile;
				PRODUCT_NAME = "$(TARGET_NAME)";
				PROVISIONING_PROFILE_SPECIFIER = "";
				SWIFT_VERSION = 4.0;
				TARGETED_DEVICE_FAMILY = "1,2";
			};
			name = Debug;
		};
		5610350F22B0850C00C24326 /* Release */ = {
			isa = XCBuildConfiguration;
			buildSettings = {
				ASSETCATALOG_COMPILER_APPICON_NAME = AppIcon;
				CODE_SIGN_STYLE = Manual;
				DEVELOPMENT_TEAM = "";
				FRAMEWORK_SEARCH_PATHS = (
					"$(inherited)",
					"$(PROJECT_DIR)",
				);
				INFOPLIST_FILE = LocateMyUsers/Info.plist;
				LD_RUNPATH_SEARCH_PATHS = (
					"$(inherited)",
					"@executable_path/Frameworks",
				);
				PRODUCT_BUNDLE_IDENTIFIER = com.scenedoc.mobile;
				PRODUCT_NAME = "$(TARGET_NAME)";
				PROVISIONING_PROFILE_SPECIFIER = "";
				SWIFT_VERSION = 4.0;
				TARGETED_DEVICE_FAMILY = "1,2";
			};
			name = Release;
		};
		5610351122B0850C00C24326 /* Debug */ = {
			isa = XCBuildConfiguration;
			buildSettings = {
				ALWAYS_EMBED_SWIFT_STANDARD_LIBRARIES = YES;
				BUNDLE_LOADER = "$(TEST_HOST)";
				CODE_SIGN_STYLE = Automatic;
				INFOPLIST_FILE = LocateMeTests/Info.plist;
				LD_RUNPATH_SEARCH_PATHS = (
					"$(inherited)",
					"@executable_path/Frameworks",
					"@loader_path/Frameworks",
				);
				PRODUCT_BUNDLE_IDENTIFIER = com.sceneDoc.LocateMeTests;
				PRODUCT_NAME = "$(TARGET_NAME)";
				SWIFT_VERSION = 4.0;
				TARGETED_DEVICE_FAMILY = "1,2";
				TEST_HOST = "$(BUILT_PRODUCTS_DIR)/LocateMyUsers.app/LocateMyUsers";
			};
			name = Debug;
		};
		5610351222B0850C00C24326 /* Release */ = {
			isa = XCBuildConfiguration;
			buildSettings = {
				ALWAYS_EMBED_SWIFT_STANDARD_LIBRARIES = YES;
				BUNDLE_LOADER = "$(TEST_HOST)";
				CODE_SIGN_STYLE = Automatic;
				INFOPLIST_FILE = LocateMeTests/Info.plist;
				LD_RUNPATH_SEARCH_PATHS = (
					"$(inherited)",
					"@executable_path/Frameworks",
					"@loader_path/Frameworks",
				);
				PRODUCT_BUNDLE_IDENTIFIER = com.sceneDoc.LocateMeTests;
				PRODUCT_NAME = "$(TARGET_NAME)";
				SWIFT_VERSION = 4.0;
				TARGETED_DEVICE_FAMILY = "1,2";
				TEST_HOST = "$(BUILT_PRODUCTS_DIR)/LocateMyUsers.app/LocateMyUsers";
			};
			name = Release;
		};
		5610351422B0850C00C24326 /* Debug */ = {
			isa = XCBuildConfiguration;
			buildSettings = {
				ALWAYS_EMBED_SWIFT_STANDARD_LIBRARIES = YES;
				CODE_SIGN_STYLE = Automatic;
				INFOPLIST_FILE = LocateMeUITests/Info.plist;
				LD_RUNPATH_SEARCH_PATHS = (
					"$(inherited)",
					"@executable_path/Frameworks",
					"@loader_path/Frameworks",
				);
				PRODUCT_BUNDLE_IDENTIFIER = com.sceneDoc.LocateMeUITests;
				PRODUCT_NAME = "$(TARGET_NAME)";
				SWIFT_VERSION = 4.0;
				TARGETED_DEVICE_FAMILY = "1,2";
				TEST_TARGET_NAME = LocateMe;
			};
			name = Debug;
		};
		5610351522B0850C00C24326 /* Release */ = {
			isa = XCBuildConfiguration;
			buildSettings = {
				ALWAYS_EMBED_SWIFT_STANDARD_LIBRARIES = YES;
				CODE_SIGN_STYLE = Automatic;
				INFOPLIST_FILE = LocateMeUITests/Info.plist;
				LD_RUNPATH_SEARCH_PATHS = (
					"$(inherited)",
					"@executable_path/Frameworks",
					"@loader_path/Frameworks",
				);
				PRODUCT_BUNDLE_IDENTIFIER = com.sceneDoc.LocateMeUITests;
				PRODUCT_NAME = "$(TARGET_NAME)";
				SWIFT_VERSION = 4.0;
				TARGETED_DEVICE_FAMILY = "1,2";
				TEST_TARGET_NAME = LocateMe;
			};
			name = Release;
		};
/* End XCBuildConfiguration section */

/* Begin XCConfigurationList section */
		561034E022B0850900C24326 /* Build configuration list for PBXProject "LocateMyUsers" */ = {
			isa = XCConfigurationList;
			buildConfigurations = (
				5610350B22B0850C00C24326 /* Debug */,
				5610350C22B0850C00C24326 /* Release */,
			);
			defaultConfigurationIsVisible = 0;
			defaultConfigurationName = Release;
		};
		5610350D22B0850C00C24326 /* Build configuration list for PBXNativeTarget "LocateMyUsers" */ = {
			isa = XCConfigurationList;
			buildConfigurations = (
				5610350E22B0850C00C24326 /* Debug */,
				5610350F22B0850C00C24326 /* Release */,
			);
			defaultConfigurationIsVisible = 0;
			defaultConfigurationName = Release;
		};
		5610351022B0850C00C24326 /* Build configuration list for PBXNativeTarget "LocateMyUsersTests" */ = {
			isa = XCConfigurationList;
			buildConfigurations = (
				5610351122B0850C00C24326 /* Debug */,
				5610351222B0850C00C24326 /* Release */,
			);
			defaultConfigurationIsVisible = 0;
			defaultConfigurationName = Release;
		};
		5610351322B0850C00C24326 /* Build configuration list for PBXNativeTarget "LocateMyUsersUITests" */ = {
			isa = XCConfigurationList;
			buildConfigurations = (
				5610351422B0850C00C24326 /* Debug */,
				5610351522B0850C00C24326 /* Release */,
			);
			defaultConfigurationIsVisible = 0;
			defaultConfigurationName = Release;
		};
/* End XCConfigurationList section */
	};
	rootObject = 561034DD22B0850900C24326 /* Project object */;
}
